// !$*UTF8*$!
{
	archiveVersion = 1;
	classes = {
	};
	objectVersion = 54;
	objects = {

/* Begin PBXBuildFile section */
		1C2791302B7A9298002E72CC /* AudioManager.swift in Sources */ = {isa = PBXBuildFile; fileRef = 1C27912F2B7A9298002E72CC /* AudioManager.swift */; };
		1C3B72A729A246F200E663B8 /* letters.jpeg in Resources */ = {isa = PBXBuildFile; fileRef = 1C3B72A629A246F200E663B8 /* letters.jpeg */; };
		1C48612E2A20A921001DE8C0 /* PropertyList.plist in Resources */ = {isa = PBXBuildFile; fileRef = 1C48612D2A20A921001DE8C0 /* PropertyList.plist */; };
		1C4861302A20AAD6001DE8C0 /* StoreKitManager.swift in Sources */ = {isa = PBXBuildFile; fileRef = 1C48612F2A20AAD6001DE8C0 /* StoreKitManager.swift */; };
		1C4861342A20E0F6001DE8C0 /* StoreKitTestCertificate.cer in Resources */ = {isa = PBXBuildFile; fileRef = 1C4861332A20E0F6001DE8C0 /* StoreKitTestCertificate.cer */; };
		1C5FC8F62B1A47A6003D56F2 /* hw2.png in Resources */ = {isa = PBXBuildFile; fileRef = 1C5FC8B32B1A47A5003D56F2 /* hw2.png */; };
		1C5FC8F72B1A47A6003D56F2 /* note0w.png in Resources */ = {isa = PBXBuildFile; fileRef = 1C5FC8B42B1A47A5003D56F2 /* note0w.png */; };
		1C5FC8F82B1A47A6003D56F2 /* v73_white.png in Resources */ = {isa = PBXBuildFile; fileRef = 1C5FC8B52B1A47A5003D56F2 /* v73_white.png */; };
		1C5FC8F92B1A47A6003D56F2 /* v75_green.png in Resources */ = {isa = PBXBuildFile; fileRef = 1C5FC8B62B1A47A5003D56F2 /* v75_green.png */; };
		1C5FC8FA2B1A47A6003D56F2 /* note9g.png in Resources */ = {isa = PBXBuildFile; fileRef = 1C5FC8B72B1A47A5003D56F2 /* note9g.png */; };
		1C5FC8FB2B1A47A6003D56F2 /* v71_green.png in Resources */ = {isa = PBXBuildFile; fileRef = 1C5FC8B82B1A47A5003D56F2 /* v71_green.png */; };
		1C5FC8FC2B1A47A6003D56F2 /* note3y.png in Resources */ = {isa = PBXBuildFile; fileRef = 1C5FC8B92B1A47A5003D56F2 /* note3y.png */; };
		1C5FC8FD2B1A47A6003D56F2 /* note9y.png in Resources */ = {isa = PBXBuildFile; fileRef = 1C5FC8BA2B1A47A5003D56F2 /* note9y.png */; };
		1C5FC8FE2B1A47A6003D56F2 /* note4y.png in Resources */ = {isa = PBXBuildFile; fileRef = 1C5FC8BB2B1A47A5003D56F2 /* note4y.png */; };
		1C5FC8FF2B1A47A6003D56F2 /* note2y.png in Resources */ = {isa = PBXBuildFile; fileRef = 1C5FC8BC2B1A47A5003D56F2 /* note2y.png */; };
		1C5FC9002B1A47A6003D56F2 /* page_3.jpg in Resources */ = {isa = PBXBuildFile; fileRef = 1C5FC8BD2B1A47A5003D56F2 /* page_3.jpg */; };
		1C5FC9012B1A47A6003D56F2 /* note3g.png in Resources */ = {isa = PBXBuildFile; fileRef = 1C5FC8BE2B1A47A5003D56F2 /* note3g.png */; };
		1C5FC9022B1A47A6003D56F2 /* v72_green.png in Resources */ = {isa = PBXBuildFile; fileRef = 1C5FC8BF2B1A47A5003D56F2 /* v72_green.png */; };
		1C5FC9032B1A47A6003D56F2 /* v76_green.png in Resources */ = {isa = PBXBuildFile; fileRef = 1C5FC8C02B1A47A5003D56F2 /* v76_green.png */; };
		1C5FC9042B1A47A6003D56F2 /* note5g.png in Resources */ = {isa = PBXBuildFile; fileRef = 1C5FC8C12B1A47A5003D56F2 /* note5g.png */; };
		1C5FC9052B1A47A6003D56F2 /* note9w.png in Resources */ = {isa = PBXBuildFile; fileRef = 1C5FC8C22B1A47A5003D56F2 /* note9w.png */; };
		1C5FC9062B1A47A6003D56F2 /* letters.jpeg in Resources */ = {isa = PBXBuildFile; fileRef = 1C5FC8C32B1A47A5003D56F2 /* letters.jpeg */; };
		1C5FC9072B1A47A6003D56F2 /* page_2.jpg in Resources */ = {isa = PBXBuildFile; fileRef = 1C5FC8C42B1A47A5003D56F2 /* page_2.jpg */; };
		1C5FC9082B1A47A6003D56F2 /* hw1.png in Resources */ = {isa = PBXBuildFile; fileRef = 1C5FC8C52B1A47A5003D56F2 /* hw1.png */; };
		1C5FC9092B1A47A6003D56F2 /* note11y.png in Resources */ = {isa = PBXBuildFile; fileRef = 1C5FC8C62B1A47A5003D56F2 /* note11y.png */; };
		1C5FC90A2B1A47A6003D56F2 /* note10g.png in Resources */ = {isa = PBXBuildFile; fileRef = 1C5FC8C72B1A47A5003D56F2 /* note10g.png */; };
		1C5FC90B2B1A47A6003D56F2 /* note0g.png in Resources */ = {isa = PBXBuildFile; fileRef = 1C5FC8C82B1A47A5003D56F2 /* note0g.png */; };
		1C5FC90C2B1A47A6003D56F2 /* note1g.png in Resources */ = {isa = PBXBuildFile; fileRef = 1C5FC8C92B1A47A5003D56F2 /* note1g.png */; };
		1C5FC90D2B1A47A6003D56F2 /* note11g.png in Resources */ = {isa = PBXBuildFile; fileRef = 1C5FC8CA2B1A47A5003D56F2 /* note11g.png */; };
		1C5FC90E2B1A47A6003D56F2 /* page_4.jpg in Resources */ = {isa = PBXBuildFile; fileRef = 1C5FC8CB2B1A47A5003D56F2 /* page_4.jpg */; };
		1C5FC90F2B1A47A6003D56F2 /* Media.xcassets in Resources */ = {isa = PBXBuildFile; fileRef = 1C5FC8CC2B1A47A5003D56F2 /* Media.xcassets */; };
		1C5FC9102B1A47A6003D56F2 /* note2w.png in Resources */ = {isa = PBXBuildFile; fileRef = 1C5FC8CD2B1A47A5003D56F2 /* note2w.png */; };
		1C5FC9112B1A47A6003D56F2 /* hw3.png in Resources */ = {isa = PBXBuildFile; fileRef = 1C5FC8CE2B1A47A5003D56F2 /* hw3.png */; };
		1C5FC9122B1A47A6003D56F2 /* note4w.png in Resources */ = {isa = PBXBuildFile; fileRef = 1C5FC8CF2B1A47A5003D56F2 /* note4w.png */; };
		1C5FC9132B1A47A6003D56F2 /* hw4.png in Resources */ = {isa = PBXBuildFile; fileRef = 1C5FC8D02B1A47A6003D56F2 /* hw4.png */; };
		1C5FC9142B1A47A6003D56F2 /* v71_white.png in Resources */ = {isa = PBXBuildFile; fileRef = 1C5FC8D12B1A47A6003D56F2 /* v71_white.png */; };
		1C5FC9152B1A47A6003D56F2 /* note7w.png in Resources */ = {isa = PBXBuildFile; fileRef = 1C5FC8D22B1A47A6003D56F2 /* note7w.png */; };
		1C5FC9162B1A47A6003D56F2 /* note3w.png in Resources */ = {isa = PBXBuildFile; fileRef = 1C5FC8D32B1A47A6003D56F2 /* note3w.png */; };
		1C5FC9172B1A47A6003D56F2 /* note8g.png in Resources */ = {isa = PBXBuildFile; fileRef = 1C5FC8D42B1A47A6003D56F2 /* note8g.png */; };
		1C5FC9182B1A47A6003D56F2 /* v72_yellow.png in Resources */ = {isa = PBXBuildFile; fileRef = 1C5FC8D52B1A47A6003D56F2 /* v72_yellow.png */; };
		1C5FC9192B1A47A6003D56F2 /* v72_white.png in Resources */ = {isa = PBXBuildFile; fileRef = 1C5FC8D62B1A47A6003D56F2 /* v72_white.png */; };
		1C5FC91A2B1A47A6003D56F2 /* v74_green.png in Resources */ = {isa = PBXBuildFile; fileRef = 1C5FC8D72B1A47A6003D56F2 /* v74_green.png */; };
		1C5FC91B2B1A47A6003D56F2 /* note10w.png in Resources */ = {isa = PBXBuildFile; fileRef = 1C5FC8D82B1A47A6003D56F2 /* note10w.png */; };
		1C5FC91C2B1A47A6003D56F2 /* v76_yellow.png in Resources */ = {isa = PBXBuildFile; fileRef = 1C5FC8D92B1A47A6003D56F2 /* v76_yellow.png */; };
		1C5FC91D2B1A47A6003D56F2 /* note1w.png in Resources */ = {isa = PBXBuildFile; fileRef = 1C5FC8DA2B1A47A6003D56F2 /* note1w.png */; };
		1C5FC91E2B1A47A6003D56F2 /* note4g.png in Resources */ = {isa = PBXBuildFile; fileRef = 1C5FC8DB2B1A47A6003D56F2 /* note4g.png */; };
		1C5FC91F2B1A47A6003D56F2 /* v76_white.png in Resources */ = {isa = PBXBuildFile; fileRef = 1C5FC8DC2B1A47A6003D56F2 /* v76_white.png */; };
		1C5FC9202B1A47A6003D56F2 /* note11w.png in Resources */ = {isa = PBXBuildFile; fileRef = 1C5FC8DD2B1A47A6003D56F2 /* note11w.png */; };
		1C5FC9212B1A47A6003D56F2 /* note2g.png in Resources */ = {isa = PBXBuildFile; fileRef = 1C5FC8DE2B1A47A6003D56F2 /* note2g.png */; };
		1C5FC9222B1A47A6003D56F2 /* note7y.png in Resources */ = {isa = PBXBuildFile; fileRef = 1C5FC8DF2B1A47A6003D56F2 /* note7y.png */; };
		1C5FC9232B1A47A6003D56F2 /* v71_yellow.png in Resources */ = {isa = PBXBuildFile; fileRef = 1C5FC8E02B1A47A6003D56F2 /* v71_yellow.png */; };
		1C5FC9242B1A47A6003D56F2 /* v73_yellow.png in Resources */ = {isa = PBXBuildFile; fileRef = 1C5FC8E12B1A47A6003D56F2 /* v73_yellow.png */; };
		1C5FC9252B1A47A6003D56F2 /* note10y.png in Resources */ = {isa = PBXBuildFile; fileRef = 1C5FC8E22B1A47A6003D56F2 /* note10y.png */; };
		1C5FC9262B1A47A6003D56F2 /* logo.png in Resources */ = {isa = PBXBuildFile; fileRef = 1C5FC8E32B1A47A6003D56F2 /* logo.png */; };
		1C5FC9272B1A47A6003D56F2 /* note1y.png in Resources */ = {isa = PBXBuildFile; fileRef = 1C5FC8E42B1A47A6003D56F2 /* note1y.png */; };
		1C5FC9282B1A47A6003D56F2 /* hw.png in Resources */ = {isa = PBXBuildFile; fileRef = 1C5FC8E52B1A47A6003D56F2 /* hw.png */; };
		1C5FC9292B1A47A6003D56F2 /* note6g.png in Resources */ = {isa = PBXBuildFile; fileRef = 1C5FC8E62B1A47A6003D56F2 /* note6g.png */; };
		1C5FC92A2B1A47A6003D56F2 /* v74_white.png in Resources */ = {isa = PBXBuildFile; fileRef = 1C5FC8E72B1A47A6003D56F2 /* v74_white.png */; };
		1C5FC92B2B1A47A6003D56F2 /* note5w.png in Resources */ = {isa = PBXBuildFile; fileRef = 1C5FC8E82B1A47A6003D56F2 /* note5w.png */; };
		1C5FC92C2B1A47A6003D56F2 /* note7g.png in Resources */ = {isa = PBXBuildFile; fileRef = 1C5FC8E92B1A47A6003D56F2 /* note7g.png */; };
		1C5FC92D2B1A47A6003D56F2 /* note6y.png in Resources */ = {isa = PBXBuildFile; fileRef = 1C5FC8EA2B1A47A6003D56F2 /* note6y.png */; };
		1C5FC92E2B1A47A6003D56F2 /* note5y.png in Resources */ = {isa = PBXBuildFile; fileRef = 1C5FC8EB2B1A47A6003D56F2 /* note5y.png */; };
		1C5FC92F2B1A47A6003D56F2 /* note8y.png in Resources */ = {isa = PBXBuildFile; fileRef = 1C5FC8EC2B1A47A6003D56F2 /* note8y.png */; };
		1C5FC9302B1A47A6003D56F2 /* v74_yellow.png in Resources */ = {isa = PBXBuildFile; fileRef = 1C5FC8ED2B1A47A6003D56F2 /* v74_yellow.png */; };
		1C5FC9312B1A47A6003D56F2 /* note0y.png in Resources */ = {isa = PBXBuildFile; fileRef = 1C5FC8EE2B1A47A6003D56F2 /* note0y.png */; };
		1C5FC9322B1A47A6003D56F2 /* simple_hw.png in Resources */ = {isa = PBXBuildFile; fileRef = 1C5FC8EF2B1A47A6003D56F2 /* simple_hw.png */; };
		1C5FC9332B1A47A6003D56F2 /* v75_white.png in Resources */ = {isa = PBXBuildFile; fileRef = 1C5FC8F02B1A47A6003D56F2 /* v75_white.png */; };
		1C5FC9342B1A47A6003D56F2 /* note8w.png in Resources */ = {isa = PBXBuildFile; fileRef = 1C5FC8F12B1A47A6003D56F2 /* note8w.png */; };
		1C5FC9352B1A47A6003D56F2 /* v75_yellow.png in Resources */ = {isa = PBXBuildFile; fileRef = 1C5FC8F22B1A47A6003D56F2 /* v75_yellow.png */; };
		1C5FC9362B1A47A6003D56F2 /* page_1.png in Resources */ = {isa = PBXBuildFile; fileRef = 1C5FC8F32B1A47A6003D56F2 /* page_1.png */; };
		1C5FC9372B1A47A6003D56F2 /* note6w.png in Resources */ = {isa = PBXBuildFile; fileRef = 1C5FC8F42B1A47A6003D56F2 /* note6w.png */; };
		1C5FC9382B1A47A6003D56F2 /* v73_green.png in Resources */ = {isa = PBXBuildFile; fileRef = 1C5FC8F52B1A47A6003D56F2 /* v73_green.png */; };
		1C5FC94B2B1A4960003D56F2 /* fb.png in Resources */ = {isa = PBXBuildFile; fileRef = 1C5FC9392B1A495D003D56F2 /* fb.png */; };
		1C5FC94C2B1A4960003D56F2 /* dimiiwhite.png in Resources */ = {isa = PBXBuildFile; fileRef = 1C5FC93A2B1A495D003D56F2 /* dimiiwhite.png */; };
		1C5FC94D2B1A4960003D56F2 /* dimvyellow.png in Resources */ = {isa = PBXBuildFile; fileRef = 1C5FC93B2B1A495D003D56F2 /* dimvyellow.png */; };
		1C5FC94E2B1A4960003D56F2 /* dimiiyellow.png in Resources */ = {isa = PBXBuildFile; fileRef = 1C5FC93C2B1A495E003D56F2 /* dimiiyellow.png */; };
		1C5FC94F2B1A4960003D56F2 /* dimvgreen.png in Resources */ = {isa = PBXBuildFile; fileRef = 1C5FC93D2B1A495E003D56F2 /* dimvgreen.png */; };
		1C5FC9502B1A4960003D56F2 /* google_icon.png in Resources */ = {isa = PBXBuildFile; fileRef = 1C5FC93E2B1A495E003D56F2 /* google_icon.png */; };
		1C5FC9512B1A4960003D56F2 /* dimiwhite.png in Resources */ = {isa = PBXBuildFile; fileRef = 1C5FC93F2B1A495E003D56F2 /* dimiwhite.png */; };
		1C5FC9522B1A4960003D56F2 /* instagram_logo.png in Resources */ = {isa = PBXBuildFile; fileRef = 1C5FC9402B1A495E003D56F2 /* instagram_logo.png */; };
		1C5FC9532B1A4960003D56F2 /* dimigreen.png in Resources */ = {isa = PBXBuildFile; fileRef = 1C5FC9412B1A495F003D56F2 /* dimigreen.png */; };
		1C5FC9542B1A4960003D56F2 /* dimivgreen.png in Resources */ = {isa = PBXBuildFile; fileRef = 1C5FC9422B1A495F003D56F2 /* dimivgreen.png */; };
		1C5FC9552B1A4960003D56F2 /* facebook_logo.jpg in Resources */ = {isa = PBXBuildFile; fileRef = 1C5FC9432B1A495F003D56F2 /* facebook_logo.jpg */; };
		1C5FC9562B1A4960003D56F2 /* dimivwhite.png in Resources */ = {isa = PBXBuildFile; fileRef = 1C5FC9442B1A495F003D56F2 /* dimivwhite.png */; };
		1C5FC9572B1A4960003D56F2 /* circle_modified.png in Resources */ = {isa = PBXBuildFile; fileRef = 1C5FC9452B1A495F003D56F2 /* circle_modified.png */; };
		1C5FC9582B1A4960003D56F2 /* dimiigreen.png in Resources */ = {isa = PBXBuildFile; fileRef = 1C5FC9462B1A495F003D56F2 /* dimiigreen.png */; };
		1C5FC9592B1A4960003D56F2 /* centre.png in Resources */ = {isa = PBXBuildFile; fileRef = 1C5FC9472B1A495F003D56F2 /* centre.png */; };
		1C5FC95A2B1A4960003D56F2 /* dimivyellow.png in Resources */ = {isa = PBXBuildFile; fileRef = 1C5FC9482B1A4960003D56F2 /* dimivyellow.png */; };
		1C5FC95B2B1A4960003D56F2 /* dimvwhite.png in Resources */ = {isa = PBXBuildFile; fileRef = 1C5FC9492B1A4960003D56F2 /* dimvwhite.png */; };
		1C5FC95C2B1A4960003D56F2 /* dimiyellow.png in Resources */ = {isa = PBXBuildFile; fileRef = 1C5FC94A2B1A4960003D56F2 /* dimiyellow.png */; };
		1C5FC9602B1A4F88003D56F2 /* circle_border.png in Resources */ = {isa = PBXBuildFile; fileRef = 1C5FC95F2B1A4F88003D56F2 /* circle_border.png */; };
		1C5FC9682B1E1164003D56F2 /* HarmonyWheelViewController.m in Sources */ = {isa = PBXBuildFile; fileRef = 1C625B1B299BC261009F4205 /* HarmonyWheelViewController.m */; };
		1C625B15299AA2DB009F4205 /* SceneDelegate.m in Sources */ = {isa = PBXBuildFile; fileRef = 1C625B14299AA2DB009F4205 /* SceneDelegate.m */; };
		1C625B19299AB3CD009F4205 /* Launch Screen.storyboard in Resources */ = {isa = PBXBuildFile; fileRef = 1C625B18299AB3CD009F4205 /* Launch Screen.storyboard */; };
		1C8983122B22149000B83961 /* screen_4.jpg in Resources */ = {isa = PBXBuildFile; fileRef = 1C89830D2B22149000B83961 /* screen_4.jpg */; };
		1C8983132B22149100B83961 /* screen_3.jpg in Resources */ = {isa = PBXBuildFile; fileRef = 1C89830E2B22149000B83961 /* screen_3.jpg */; };
		1C8983142B22149100B83961 /* screen_5.jpg in Resources */ = {isa = PBXBuildFile; fileRef = 1C89830F2B22149000B83961 /* screen_5.jpg */; };
		1C8983152B22149100B83961 /* screen_1.jpg in Resources */ = {isa = PBXBuildFile; fileRef = 1C8983102B22149000B83961 /* screen_1.jpg */; };
		1C8983162B22149100B83961 /* screen_2.jpg in Resources */ = {isa = PBXBuildFile; fileRef = 1C8983112B22149000B83961 /* screen_2.jpg */; };
		1CA93A9429D44AA2008A02EF /* ViewControllerSavedSongs.swift in Sources */ = {isa = PBXBuildFile; fileRef = 1CA93A9329D44AA2008A02EF /* ViewControllerSavedSongs.swift */; };
		1CA93A9629D44AB4008A02EF /* SongCell.swift in Sources */ = {isa = PBXBuildFile; fileRef = 1CA93A9529D44AB4008A02EF /* SongCell.swift */; };
		1CAD03AF29B9B8BC00411901 /* Utils.swift in Sources */ = {isa = PBXBuildFile; fileRef = 1CAD03AE29B9B8BC00411901 /* Utils.swift */; };
		1CAD03B429D17C4100411901 /* click.mp3 in Resources */ = {isa = PBXBuildFile; fileRef = 1CAD03B329D17C4100411901 /* click.mp3 */; };
		1CAD03BB29D1B8A000411901 /* ViewControllerSaveSong.swift in Sources */ = {isa = PBXBuildFile; fileRef = 1CAD03B929D1B8A000411901 /* ViewControllerSaveSong.swift */; };
		1CAD03BC29D1B8A000411901 /* ViewControllerSaveSong.xib in Resources */ = {isa = PBXBuildFile; fileRef = 1CAD03BA29D1B8A000411901 /* ViewControllerSaveSong.xib */; };
		1CAD03BF29D2C8D500411901 /* HarmonyTensions.xcdatamodeld in Sources */ = {isa = PBXBuildFile; fileRef = 1CAD03BD29D2C8D500411901 /* HarmonyTensions.xcdatamodeld */; };
		1CAD03C329D339BA00411901 /* DataManager.swift in Sources */ = {isa = PBXBuildFile; fileRef = 1CAD03C229D339BA00411901 /* DataManager.swift */; };
		1CB8C95C2B2A1CCD007CFA3C /* ViewControllerBuyPDF.swift in Sources */ = {isa = PBXBuildFile; fileRef = 1CB8C95A2B2A1CCD007CFA3C /* ViewControllerBuyPDF.swift */; };
		1CB8C95D2B2A1CCD007CFA3C /* ViewControllerBuyPDF.xib in Resources */ = {isa = PBXBuildFile; fileRef = 1CB8C95B2B2A1CCD007CFA3C /* ViewControllerBuyPDF.xib */; };
		1CB8C9622B2A28E4007CFA3C /* ViewControllerGetPDF.m in Sources */ = {isa = PBXBuildFile; fileRef = 1CB8C95E2B2A28E4007CFA3C /* ViewControllerGetPDF.m */; };
		1CB8C9642B2A28E4007CFA3C /* ViewControllerGetPDF.xib in Resources */ = {isa = PBXBuildFile; fileRef = 1CB8C9612B2A28E4007CFA3C /* ViewControllerGetPDF.xib */; };
		1CE45C2629994BB10041C241 /* SwiftUIViewExtension.swift in Sources */ = {isa = PBXBuildFile; fileRef = 1CE45C2129993EF00041C241 /* SwiftUIViewExtension.swift */; };
		1CEA4BA32A458B1900965B05 /* IAPHelper.swift in Sources */ = {isa = PBXBuildFile; fileRef = 1CEA4BA22A458B1900965B05 /* IAPHelper.swift */; };
		1CEBEC73299A6FAC00250820 /* PagingViewController.swift in Sources */ = {isa = PBXBuildFile; fileRef = 1CEBEC72299A6FAC00250820 /* PagingViewController.swift */; };
		1CEBEC75299A70A300250820 /* Main.storyboard in Resources */ = {isa = PBXBuildFile; fileRef = 1CEBEC74299A70A300250820 /* Main.storyboard */; };
		1CEBEC77299A76B400250820 /* GameViewController.swift in Sources */ = {isa = PBXBuildFile; fileRef = 1CEBEC76299A76B400250820 /* GameViewController.swift */; };
		1CEC985929F07F1F00FA370A /* onBoardingViewController.swift in Sources */ = {isa = PBXBuildFile; fileRef = 1CEC985829F07F1F00FA370A /* onBoardingViewController.swift */; };
		1CEC985C29F0810600FA370A /* UIView+Extension.swift in Sources */ = {isa = PBXBuildFile; fileRef = 1CEC985B29F0810600FA370A /* UIView+Extension.swift */; };
		1CEC985E29F081EE00FA370A /* onboardingSlide.swift in Sources */ = {isa = PBXBuildFile; fileRef = 1CEC985D29F081EE00FA370A /* onboardingSlide.swift */; };
		1CEC986229F0833300FA370A /* onBoardingCollectionViewCell.swift in Sources */ = {isa = PBXBuildFile; fileRef = 1CEC986129F0833300FA370A /* onBoardingCollectionViewCell.swift */; };
		1CEC986429F13B7100FA370A /* StartingViewController.swift in Sources */ = {isa = PBXBuildFile; fileRef = 1CEC986329F13B7100FA370A /* StartingViewController.swift */; };
		1CEC988729F1454800FA370A /* Media.xcassets in Resources */ = {isa = PBXBuildFile; fileRef = 1CEC988629F1454800FA370A /* Media.xcassets */; };
		BDD8AD3614EA8A1B002425D6 /* SMCLove.m in Sources */ = {isa = PBXBuildFile; fileRef = BDD8AD3514EA8A1B002425D6 /* SMCLove.m */; };
		BDF438AB14E5638700A27135 /* InfoPlist.strings in Resources */ = {isa = PBXBuildFile; fileRef = BDF438A914E5638700A27135 /* InfoPlist.strings */; };
		BDF438AD14E5638700A27135 /* main.m in Sources */ = {isa = PBXBuildFile; fileRef = BDF438AC14E5638700A27135 /* main.m */; };
		BDF438B114E5638700A27135 /* SMAppDelegate.m in Sources */ = {isa = PBXBuildFile; fileRef = BDF438B014E5638700A27135 /* SMAppDelegate.m */; };
		BDF438B714E5638700A27135 /* SMViewController.xib in Resources */ = {isa = PBXBuildFile; fileRef = BDF438B514E5638700A27135 /* SMViewController.xib */; };
		BDF438BF14E5641000A27135 /* SMRotaryWheel.m in Sources */ = {isa = PBXBuildFile; fileRef = BDF438BE14E5641000A27135 /* SMRotaryWheel.m */; };
/* End PBXBuildFile section */

/* Begin PBXFileReference section */
		1C27912F2B7A9298002E72CC /* AudioManager.swift */ = {isa = PBXFileReference; lastKnownFileType = sourcecode.swift; path = AudioManager.swift; sourceTree = "<group>"; };
		1C3B72A629A246F200E663B8 /* letters.jpeg */ = {isa = PBXFileReference; lastKnownFileType = image.jpeg; path = letters.jpeg; sourceTree = "<group>"; };
		1C48612C2A20A8C8001DE8C0 /* Harmony Tensions.storekit */ = {isa = PBXFileReference; lastKnownFileType = text; path = "Harmony Tensions.storekit"; sourceTree = "<group>"; };
		1C48612D2A20A921001DE8C0 /* PropertyList.plist */ = {isa = PBXFileReference; lastKnownFileType = text.plist.xml; path = PropertyList.plist; sourceTree = "<group>"; };
		1C48612F2A20AAD6001DE8C0 /* StoreKitManager.swift */ = {isa = PBXFileReference; lastKnownFileType = sourcecode.swift; path = StoreKitManager.swift; sourceTree = "<group>"; };
		1C4861332A20E0F6001DE8C0 /* StoreKitTestCertificate.cer */ = {isa = PBXFileReference; lastKnownFileType = file; path = StoreKitTestCertificate.cer; sourceTree = "<group>"; };
		1C5FC8B32B1A47A5003D56F2 /* hw2.png */ = {isa = PBXFileReference; lastKnownFileType = image.png; path = hw2.png; sourceTree = "<group>"; };
		1C5FC8B42B1A47A5003D56F2 /* note0w.png */ = {isa = PBXFileReference; lastKnownFileType = image.png; path = note0w.png; sourceTree = "<group>"; };
		1C5FC8B52B1A47A5003D56F2 /* v73_white.png */ = {isa = PBXFileReference; lastKnownFileType = image.png; path = v73_white.png; sourceTree = "<group>"; };
		1C5FC8B62B1A47A5003D56F2 /* v75_green.png */ = {isa = PBXFileReference; lastKnownFileType = image.png; path = v75_green.png; sourceTree = "<group>"; };
		1C5FC8B72B1A47A5003D56F2 /* note9g.png */ = {isa = PBXFileReference; lastKnownFileType = image.png; path = note9g.png; sourceTree = "<group>"; };
		1C5FC8B82B1A47A5003D56F2 /* v71_green.png */ = {isa = PBXFileReference; lastKnownFileType = image.png; path = v71_green.png; sourceTree = "<group>"; };
		1C5FC8B92B1A47A5003D56F2 /* note3y.png */ = {isa = PBXFileReference; lastKnownFileType = image.png; path = note3y.png; sourceTree = "<group>"; };
		1C5FC8BA2B1A47A5003D56F2 /* note9y.png */ = {isa = PBXFileReference; lastKnownFileType = image.png; path = note9y.png; sourceTree = "<group>"; };
		1C5FC8BB2B1A47A5003D56F2 /* note4y.png */ = {isa = PBXFileReference; lastKnownFileType = image.png; path = note4y.png; sourceTree = "<group>"; };
		1C5FC8BC2B1A47A5003D56F2 /* note2y.png */ = {isa = PBXFileReference; lastKnownFileType = image.png; path = note2y.png; sourceTree = "<group>"; };
		1C5FC8BD2B1A47A5003D56F2 /* page_3.jpg */ = {isa = PBXFileReference; lastKnownFileType = image.jpeg; path = page_3.jpg; sourceTree = "<group>"; };
		1C5FC8BE2B1A47A5003D56F2 /* note3g.png */ = {isa = PBXFileReference; lastKnownFileType = image.png; path = note3g.png; sourceTree = "<group>"; };
		1C5FC8BF2B1A47A5003D56F2 /* v72_green.png */ = {isa = PBXFileReference; lastKnownFileType = image.png; path = v72_green.png; sourceTree = "<group>"; };
		1C5FC8C02B1A47A5003D56F2 /* v76_green.png */ = {isa = PBXFileReference; lastKnownFileType = image.png; path = v76_green.png; sourceTree = "<group>"; };
		1C5FC8C12B1A47A5003D56F2 /* note5g.png */ = {isa = PBXFileReference; lastKnownFileType = image.png; path = note5g.png; sourceTree = "<group>"; };
		1C5FC8C22B1A47A5003D56F2 /* note9w.png */ = {isa = PBXFileReference; lastKnownFileType = image.png; path = note9w.png; sourceTree = "<group>"; };
		1C5FC8C32B1A47A5003D56F2 /* letters.jpeg */ = {isa = PBXFileReference; lastKnownFileType = image.jpeg; path = letters.jpeg; sourceTree = "<group>"; };
		1C5FC8C42B1A47A5003D56F2 /* page_2.jpg */ = {isa = PBXFileReference; lastKnownFileType = image.jpeg; path = page_2.jpg; sourceTree = "<group>"; };
		1C5FC8C52B1A47A5003D56F2 /* hw1.png */ = {isa = PBXFileReference; lastKnownFileType = image.png; path = hw1.png; sourceTree = "<group>"; };
		1C5FC8C62B1A47A5003D56F2 /* note11y.png */ = {isa = PBXFileReference; lastKnownFileType = image.png; path = note11y.png; sourceTree = "<group>"; };
		1C5FC8C72B1A47A5003D56F2 /* note10g.png */ = {isa = PBXFileReference; lastKnownFileType = image.png; path = note10g.png; sourceTree = "<group>"; };
		1C5FC8C82B1A47A5003D56F2 /* note0g.png */ = {isa = PBXFileReference; lastKnownFileType = image.png; path = note0g.png; sourceTree = "<group>"; };
		1C5FC8C92B1A47A5003D56F2 /* note1g.png */ = {isa = PBXFileReference; lastKnownFileType = image.png; path = note1g.png; sourceTree = "<group>"; };
		1C5FC8CA2B1A47A5003D56F2 /* note11g.png */ = {isa = PBXFileReference; lastKnownFileType = image.png; path = note11g.png; sourceTree = "<group>"; };
		1C5FC8CB2B1A47A5003D56F2 /* page_4.jpg */ = {isa = PBXFileReference; lastKnownFileType = image.jpeg; path = page_4.jpg; sourceTree = "<group>"; };
		1C5FC8CC2B1A47A5003D56F2 /* Media.xcassets */ = {isa = PBXFileReference; lastKnownFileType = folder.assetcatalog; path = Media.xcassets; sourceTree = "<group>"; };
		1C5FC8CD2B1A47A5003D56F2 /* note2w.png */ = {isa = PBXFileReference; lastKnownFileType = image.png; path = note2w.png; sourceTree = "<group>"; };
		1C5FC8CE2B1A47A5003D56F2 /* hw3.png */ = {isa = PBXFileReference; lastKnownFileType = image.png; path = hw3.png; sourceTree = "<group>"; };
		1C5FC8CF2B1A47A5003D56F2 /* note4w.png */ = {isa = PBXFileReference; lastKnownFileType = image.png; path = note4w.png; sourceTree = "<group>"; };
		1C5FC8D02B1A47A6003D56F2 /* hw4.png */ = {isa = PBXFileReference; lastKnownFileType = image.png; path = hw4.png; sourceTree = "<group>"; };
		1C5FC8D12B1A47A6003D56F2 /* v71_white.png */ = {isa = PBXFileReference; lastKnownFileType = image.png; path = v71_white.png; sourceTree = "<group>"; };
		1C5FC8D22B1A47A6003D56F2 /* note7w.png */ = {isa = PBXFileReference; lastKnownFileType = image.png; path = note7w.png; sourceTree = "<group>"; };
		1C5FC8D32B1A47A6003D56F2 /* note3w.png */ = {isa = PBXFileReference; lastKnownFileType = image.png; path = note3w.png; sourceTree = "<group>"; };
		1C5FC8D42B1A47A6003D56F2 /* note8g.png */ = {isa = PBXFileReference; lastKnownFileType = image.png; path = note8g.png; sourceTree = "<group>"; };
		1C5FC8D52B1A47A6003D56F2 /* v72_yellow.png */ = {isa = PBXFileReference; lastKnownFileType = image.png; path = v72_yellow.png; sourceTree = "<group>"; };
		1C5FC8D62B1A47A6003D56F2 /* v72_white.png */ = {isa = PBXFileReference; lastKnownFileType = image.png; path = v72_white.png; sourceTree = "<group>"; };
		1C5FC8D72B1A47A6003D56F2 /* v74_green.png */ = {isa = PBXFileReference; lastKnownFileType = image.png; path = v74_green.png; sourceTree = "<group>"; };
		1C5FC8D82B1A47A6003D56F2 /* note10w.png */ = {isa = PBXFileReference; lastKnownFileType = image.png; path = note10w.png; sourceTree = "<group>"; };
		1C5FC8D92B1A47A6003D56F2 /* v76_yellow.png */ = {isa = PBXFileReference; lastKnownFileType = image.png; path = v76_yellow.png; sourceTree = "<group>"; };
		1C5FC8DA2B1A47A6003D56F2 /* note1w.png */ = {isa = PBXFileReference; lastKnownFileType = image.png; path = note1w.png; sourceTree = "<group>"; };
		1C5FC8DB2B1A47A6003D56F2 /* note4g.png */ = {isa = PBXFileReference; lastKnownFileType = image.png; path = note4g.png; sourceTree = "<group>"; };
		1C5FC8DC2B1A47A6003D56F2 /* v76_white.png */ = {isa = PBXFileReference; lastKnownFileType = image.png; path = v76_white.png; sourceTree = "<group>"; };
		1C5FC8DD2B1A47A6003D56F2 /* note11w.png */ = {isa = PBXFileReference; lastKnownFileType = image.png; path = note11w.png; sourceTree = "<group>"; };
		1C5FC8DE2B1A47A6003D56F2 /* note2g.png */ = {isa = PBXFileReference; lastKnownFileType = image.png; path = note2g.png; sourceTree = "<group>"; };
		1C5FC8DF2B1A47A6003D56F2 /* note7y.png */ = {isa = PBXFileReference; lastKnownFileType = image.png; path = note7y.png; sourceTree = "<group>"; };
		1C5FC8E02B1A47A6003D56F2 /* v71_yellow.png */ = {isa = PBXFileReference; lastKnownFileType = image.png; path = v71_yellow.png; sourceTree = "<group>"; };
		1C5FC8E12B1A47A6003D56F2 /* v73_yellow.png */ = {isa = PBXFileReference; lastKnownFileType = image.png; path = v73_yellow.png; sourceTree = "<group>"; };
		1C5FC8E22B1A47A6003D56F2 /* note10y.png */ = {isa = PBXFileReference; lastKnownFileType = image.png; path = note10y.png; sourceTree = "<group>"; };
		1C5FC8E32B1A47A6003D56F2 /* logo.png */ = {isa = PBXFileReference; lastKnownFileType = image.png; path = logo.png; sourceTree = "<group>"; };
		1C5FC8E42B1A47A6003D56F2 /* note1y.png */ = {isa = PBXFileReference; lastKnownFileType = image.png; path = note1y.png; sourceTree = "<group>"; };
		1C5FC8E52B1A47A6003D56F2 /* hw.png */ = {isa = PBXFileReference; lastKnownFileType = image.png; path = hw.png; sourceTree = "<group>"; };
		1C5FC8E62B1A47A6003D56F2 /* note6g.png */ = {isa = PBXFileReference; lastKnownFileType = image.png; path = note6g.png; sourceTree = "<group>"; };
		1C5FC8E72B1A47A6003D56F2 /* v74_white.png */ = {isa = PBXFileReference; lastKnownFileType = image.png; path = v74_white.png; sourceTree = "<group>"; };
		1C5FC8E82B1A47A6003D56F2 /* note5w.png */ = {isa = PBXFileReference; lastKnownFileType = image.png; path = note5w.png; sourceTree = "<group>"; };
		1C5FC8E92B1A47A6003D56F2 /* note7g.png */ = {isa = PBXFileReference; lastKnownFileType = image.png; path = note7g.png; sourceTree = "<group>"; };
		1C5FC8EA2B1A47A6003D56F2 /* note6y.png */ = {isa = PBXFileReference; lastKnownFileType = image.png; path = note6y.png; sourceTree = "<group>"; };
		1C5FC8EB2B1A47A6003D56F2 /* note5y.png */ = {isa = PBXFileReference; lastKnownFileType = image.png; path = note5y.png; sourceTree = "<group>"; };
		1C5FC8EC2B1A47A6003D56F2 /* note8y.png */ = {isa = PBXFileReference; lastKnownFileType = image.png; path = note8y.png; sourceTree = "<group>"; };
		1C5FC8ED2B1A47A6003D56F2 /* v74_yellow.png */ = {isa = PBXFileReference; lastKnownFileType = image.png; path = v74_yellow.png; sourceTree = "<group>"; };
		1C5FC8EE2B1A47A6003D56F2 /* note0y.png */ = {isa = PBXFileReference; lastKnownFileType = image.png; path = note0y.png; sourceTree = "<group>"; };
		1C5FC8EF2B1A47A6003D56F2 /* simple_hw.png */ = {isa = PBXFileReference; lastKnownFileType = image.png; path = simple_hw.png; sourceTree = "<group>"; };
		1C5FC8F02B1A47A6003D56F2 /* v75_white.png */ = {isa = PBXFileReference; lastKnownFileType = image.png; path = v75_white.png; sourceTree = "<group>"; };
		1C5FC8F12B1A47A6003D56F2 /* note8w.png */ = {isa = PBXFileReference; lastKnownFileType = image.png; path = note8w.png; sourceTree = "<group>"; };
		1C5FC8F22B1A47A6003D56F2 /* v75_yellow.png */ = {isa = PBXFileReference; lastKnownFileType = image.png; path = v75_yellow.png; sourceTree = "<group>"; };
		1C5FC8F32B1A47A6003D56F2 /* page_1.png */ = {isa = PBXFileReference; lastKnownFileType = image.png; path = page_1.png; sourceTree = "<group>"; };
		1C5FC8F42B1A47A6003D56F2 /* note6w.png */ = {isa = PBXFileReference; lastKnownFileType = image.png; path = note6w.png; sourceTree = "<group>"; };
		1C5FC8F52B1A47A6003D56F2 /* v73_green.png */ = {isa = PBXFileReference; lastKnownFileType = image.png; path = v73_green.png; sourceTree = "<group>"; };
		1C5FC9392B1A495D003D56F2 /* fb.png */ = {isa = PBXFileReference; lastKnownFileType = image.png; path = fb.png; sourceTree = "<group>"; };
		1C5FC93A2B1A495D003D56F2 /* dimiiwhite.png */ = {isa = PBXFileReference; lastKnownFileType = image.png; path = dimiiwhite.png; sourceTree = "<group>"; };
		1C5FC93B2B1A495D003D56F2 /* dimvyellow.png */ = {isa = PBXFileReference; lastKnownFileType = image.png; path = dimvyellow.png; sourceTree = "<group>"; };
		1C5FC93C2B1A495E003D56F2 /* dimiiyellow.png */ = {isa = PBXFileReference; lastKnownFileType = image.png; path = dimiiyellow.png; sourceTree = "<group>"; };
		1C5FC93D2B1A495E003D56F2 /* dimvgreen.png */ = {isa = PBXFileReference; lastKnownFileType = image.png; path = dimvgreen.png; sourceTree = "<group>"; };
		1C5FC93E2B1A495E003D56F2 /* google_icon.png */ = {isa = PBXFileReference; lastKnownFileType = image.png; path = google_icon.png; sourceTree = "<group>"; };
		1C5FC93F2B1A495E003D56F2 /* dimiwhite.png */ = {isa = PBXFileReference; lastKnownFileType = image.png; path = dimiwhite.png; sourceTree = "<group>"; };
		1C5FC9402B1A495E003D56F2 /* instagram_logo.png */ = {isa = PBXFileReference; lastKnownFileType = image.png; path = instagram_logo.png; sourceTree = "<group>"; };
		1C5FC9412B1A495F003D56F2 /* dimigreen.png */ = {isa = PBXFileReference; lastKnownFileType = image.png; path = dimigreen.png; sourceTree = "<group>"; };
		1C5FC9422B1A495F003D56F2 /* dimivgreen.png */ = {isa = PBXFileReference; lastKnownFileType = image.png; path = dimivgreen.png; sourceTree = "<group>"; };
		1C5FC9432B1A495F003D56F2 /* facebook_logo.jpg */ = {isa = PBXFileReference; lastKnownFileType = image.jpeg; path = facebook_logo.jpg; sourceTree = "<group>"; };
		1C5FC9442B1A495F003D56F2 /* dimivwhite.png */ = {isa = PBXFileReference; lastKnownFileType = image.png; path = dimivwhite.png; sourceTree = "<group>"; };
		1C5FC9452B1A495F003D56F2 /* circle_modified.png */ = {isa = PBXFileReference; lastKnownFileType = image.png; path = circle_modified.png; sourceTree = "<group>"; };
		1C5FC9462B1A495F003D56F2 /* dimiigreen.png */ = {isa = PBXFileReference; lastKnownFileType = image.png; path = dimiigreen.png; sourceTree = "<group>"; };
		1C5FC9472B1A495F003D56F2 /* centre.png */ = {isa = PBXFileReference; lastKnownFileType = image.png; path = centre.png; sourceTree = "<group>"; };
		1C5FC9482B1A4960003D56F2 /* dimivyellow.png */ = {isa = PBXFileReference; lastKnownFileType = image.png; path = dimivyellow.png; sourceTree = "<group>"; };
		1C5FC9492B1A4960003D56F2 /* dimvwhite.png */ = {isa = PBXFileReference; lastKnownFileType = image.png; path = dimvwhite.png; sourceTree = "<group>"; };
		1C5FC94A2B1A4960003D56F2 /* dimiyellow.png */ = {isa = PBXFileReference; lastKnownFileType = image.png; path = dimiyellow.png; sourceTree = "<group>"; };
		1C5FC95F2B1A4F88003D56F2 /* circle_border.png */ = {isa = PBXFileReference; lastKnownFileType = image.png; path = circle_border.png; sourceTree = "<group>"; };
		1C625B13299AA2DB009F4205 /* SceneDelegate.h */ = {isa = PBXFileReference; fileEncoding = 4; lastKnownFileType = sourcecode.c.h; path = SceneDelegate.h; sourceTree = "<group>"; };
		1C625B14299AA2DB009F4205 /* SceneDelegate.m */ = {isa = PBXFileReference; fileEncoding = 4; lastKnownFileType = sourcecode.c.objc; path = SceneDelegate.m; sourceTree = "<group>"; };
		1C625B18299AB3CD009F4205 /* Launch Screen.storyboard */ = {isa = PBXFileReference; lastKnownFileType = file.storyboard; path = "Launch Screen.storyboard"; sourceTree = "<group>"; };
		1C625B1A299BC261009F4205 /* HarmonyWheelViewController.h */ = {isa = PBXFileReference; lastKnownFileType = sourcecode.c.h; path = HarmonyWheelViewController.h; sourceTree = "<group>"; };
		1C625B1B299BC261009F4205 /* HarmonyWheelViewController.m */ = {isa = PBXFileReference; lastKnownFileType = sourcecode.c.objc; path = HarmonyWheelViewController.m; sourceTree = "<group>"; };
		1C89830D2B22149000B83961 /* screen_4.jpg */ = {isa = PBXFileReference; lastKnownFileType = image.jpeg; path = screen_4.jpg; sourceTree = "<group>"; };
		1C89830E2B22149000B83961 /* screen_3.jpg */ = {isa = PBXFileReference; lastKnownFileType = image.jpeg; path = screen_3.jpg; sourceTree = "<group>"; };
		1C89830F2B22149000B83961 /* screen_5.jpg */ = {isa = PBXFileReference; lastKnownFileType = image.jpeg; path = screen_5.jpg; sourceTree = "<group>"; };
		1C8983102B22149000B83961 /* screen_1.jpg */ = {isa = PBXFileReference; lastKnownFileType = image.jpeg; path = screen_1.jpg; sourceTree = "<group>"; };
		1C8983112B22149000B83961 /* screen_2.jpg */ = {isa = PBXFileReference; lastKnownFileType = image.jpeg; path = screen_2.jpg; sourceTree = "<group>"; };
		1C8E28BE29942C6B00CF01B7 /* HarmonyTensions-Bridging-Header.h */ = {isa = PBXFileReference; lastKnownFileType = sourcecode.c.h; path = "HarmonyTensions-Bridging-Header.h"; sourceTree = "<group>"; };
		1CA93A9329D44AA2008A02EF /* ViewControllerSavedSongs.swift */ = {isa = PBXFileReference; lastKnownFileType = sourcecode.swift; path = ViewControllerSavedSongs.swift; sourceTree = "<group>"; };
		1CA93A9529D44AB4008A02EF /* SongCell.swift */ = {isa = PBXFileReference; lastKnownFileType = sourcecode.swift; path = SongCell.swift; sourceTree = "<group>"; };
		1CAD03AE29B9B8BC00411901 /* Utils.swift */ = {isa = PBXFileReference; lastKnownFileType = sourcecode.swift; path = Utils.swift; sourceTree = "<group>"; };
		1CAD03B329D17C4100411901 /* click.mp3 */ = {isa = PBXFileReference; lastKnownFileType = audio.mp3; path = click.mp3; sourceTree = "<group>"; };
		1CAD03B929D1B8A000411901 /* ViewControllerSaveSong.swift */ = {isa = PBXFileReference; lastKnownFileType = sourcecode.swift; path = ViewControllerSaveSong.swift; sourceTree = "<group>"; };
		1CAD03BA29D1B8A000411901 /* ViewControllerSaveSong.xib */ = {isa = PBXFileReference; lastKnownFileType = file.xib; path = ViewControllerSaveSong.xib; sourceTree = "<group>"; };
		1CAD03BE29D2C8D500411901 /* HarmonyTensions.xcdatamodel */ = {isa = PBXFileReference; lastKnownFileType = wrapper.xcdatamodel; path = HarmonyTensions.xcdatamodel; sourceTree = "<group>"; };
		1CAD03C229D339BA00411901 /* DataManager.swift */ = {isa = PBXFileReference; lastKnownFileType = sourcecode.swift; path = DataManager.swift; sourceTree = "<group>"; };
		1CB8C95A2B2A1CCD007CFA3C /* ViewControllerBuyPDF.swift */ = {isa = PBXFileReference; lastKnownFileType = sourcecode.swift; path = ViewControllerBuyPDF.swift; sourceTree = "<group>"; };
		1CB8C95B2B2A1CCD007CFA3C /* ViewControllerBuyPDF.xib */ = {isa = PBXFileReference; lastKnownFileType = file.xib; path = ViewControllerBuyPDF.xib; sourceTree = "<group>"; };
		1CB8C95E2B2A28E4007CFA3C /* ViewControllerGetPDF.m */ = {isa = PBXFileReference; fileEncoding = 4; lastKnownFileType = sourcecode.c.objc; path = ViewControllerGetPDF.m; sourceTree = "<group>"; };
		1CB8C9602B2A28E4007CFA3C /* ViewControllerGetPDF.h */ = {isa = PBXFileReference; fileEncoding = 4; lastKnownFileType = sourcecode.c.h; path = ViewControllerGetPDF.h; sourceTree = "<group>"; };
		1CB8C9612B2A28E4007CFA3C /* ViewControllerGetPDF.xib */ = {isa = PBXFileReference; fileEncoding = 4; lastKnownFileType = file.xib; path = ViewControllerGetPDF.xib; sourceTree = "<group>"; };
		1CE45C2129993EF00041C241 /* SwiftUIViewExtension.swift */ = {isa = PBXFileReference; lastKnownFileType = sourcecode.swift; path = SwiftUIViewExtension.swift; sourceTree = "<group>"; };
		1CEA4BA22A458B1900965B05 /* IAPHelper.swift */ = {isa = PBXFileReference; lastKnownFileType = sourcecode.swift; path = IAPHelper.swift; sourceTree = "<group>"; };
		1CEBEC72299A6FAC00250820 /* PagingViewController.swift */ = {isa = PBXFileReference; lastKnownFileType = sourcecode.swift; path = PagingViewController.swift; sourceTree = "<group>"; };
		1CEBEC74299A70A300250820 /* Main.storyboard */ = {isa = PBXFileReference; lastKnownFileType = file.storyboard; path = Main.storyboard; sourceTree = "<group>"; };
		1CEBEC76299A76B400250820 /* GameViewController.swift */ = {isa = PBXFileReference; lastKnownFileType = sourcecode.swift; path = GameViewController.swift; sourceTree = "<group>"; };
		1CEC985829F07F1F00FA370A /* onBoardingViewController.swift */ = {isa = PBXFileReference; lastKnownFileType = sourcecode.swift; path = onBoardingViewController.swift; sourceTree = "<group>"; };
		1CEC985B29F0810600FA370A /* UIView+Extension.swift */ = {isa = PBXFileReference; lastKnownFileType = sourcecode.swift; path = "UIView+Extension.swift"; sourceTree = "<group>"; };
		1CEC985D29F081EE00FA370A /* onboardingSlide.swift */ = {isa = PBXFileReference; lastKnownFileType = sourcecode.swift; path = onboardingSlide.swift; sourceTree = "<group>"; };
		1CEC986129F0833300FA370A /* onBoardingCollectionViewCell.swift */ = {isa = PBXFileReference; lastKnownFileType = sourcecode.swift; path = onBoardingCollectionViewCell.swift; sourceTree = "<group>"; };
		1CEC986329F13B7100FA370A /* StartingViewController.swift */ = {isa = PBXFileReference; lastKnownFileType = sourcecode.swift; path = StartingViewController.swift; sourceTree = "<group>"; };
		1CEC988629F1454800FA370A /* Media.xcassets */ = {isa = PBXFileReference; lastKnownFileType = folder.assetcatalog; path = Media.xcassets; sourceTree = "<group>"; };
		3D5C5C0B103CC78F63C0A256 /* Pods-HarmonyTensions.debug.xcconfig */ = {isa = PBXFileReference; includeInIndex = 1; lastKnownFileType = text.xcconfig; name = "Pods-HarmonyTensions.debug.xcconfig"; path = "Target Support Files/Pods-HarmonyTensions/Pods-HarmonyTensions.debug.xcconfig"; sourceTree = "<group>"; };
		8DB413B28B2B2337EFEE50BF /* Pods-HarmonyTensions.release.xcconfig */ = {isa = PBXFileReference; includeInIndex = 1; lastKnownFileType = text.xcconfig; name = "Pods-HarmonyTensions.release.xcconfig"; path = "Target Support Files/Pods-HarmonyTensions/Pods-HarmonyTensions.release.xcconfig"; sourceTree = "<group>"; };
		BDD8AD3414EA8A1B002425D6 /* SMCLove.h */ = {isa = PBXFileReference; fileEncoding = 4; lastKnownFileType = sourcecode.c.h; path = SMCLove.h; sourceTree = "<group>"; };
		BDD8AD3514EA8A1B002425D6 /* SMCLove.m */ = {isa = PBXFileReference; fileEncoding = 4; lastKnownFileType = sourcecode.c.objc; path = SMCLove.m; sourceTree = "<group>"; };
		BDF4389C14E5638700A27135 /* HarmonyTensions.app */ = {isa = PBXFileReference; explicitFileType = wrapper.application; includeInIndex = 0; path = HarmonyTensions.app; sourceTree = BUILT_PRODUCTS_DIR; };
		BDF438A814E5638700A27135 /* HarmonyTensions-Info.plist */ = {isa = PBXFileReference; lastKnownFileType = text.plist.xml; path = "HarmonyTensions-Info.plist"; sourceTree = "<group>"; };
		BDF438AA14E5638700A27135 /* en */ = {isa = PBXFileReference; lastKnownFileType = text.plist.strings; name = en; path = en.lproj/InfoPlist.strings; sourceTree = "<group>"; };
		BDF438AC14E5638700A27135 /* main.m */ = {isa = PBXFileReference; lastKnownFileType = sourcecode.c.objc; path = main.m; sourceTree = "<group>"; };
		BDF438AE14E5638700A27135 /* HarmonyTensions-Prefix.pch */ = {isa = PBXFileReference; lastKnownFileType = sourcecode.c.h; path = "HarmonyTensions-Prefix.pch"; sourceTree = "<group>"; };
		BDF438AF14E5638700A27135 /* SMAppDelegate.h */ = {isa = PBXFileReference; lastKnownFileType = sourcecode.c.h; path = SMAppDelegate.h; sourceTree = "<group>"; };
		BDF438B014E5638700A27135 /* SMAppDelegate.m */ = {isa = PBXFileReference; lastKnownFileType = sourcecode.c.objc; path = SMAppDelegate.m; sourceTree = "<group>"; };
		BDF438B614E5638700A27135 /* en */ = {isa = PBXFileReference; lastKnownFileType = file.xib; name = en; path = en.lproj/SMViewController.xib; sourceTree = "<group>"; };
		BDF438BD14E5641000A27135 /* SMRotaryWheel.h */ = {isa = PBXFileReference; fileEncoding = 4; lastKnownFileType = sourcecode.c.h; path = SMRotaryWheel.h; sourceTree = "<group>"; };
		BDF438BE14E5641000A27135 /* SMRotaryWheel.m */ = {isa = PBXFileReference; fileEncoding = 4; lastKnownFileType = sourcecode.c.objc; path = SMRotaryWheel.m; sourceTree = "<group>"; };
		BDF438C414E56B4B00A27135 /* SMRotaryProtocol.h */ = {isa = PBXFileReference; fileEncoding = 4; lastKnownFileType = sourcecode.c.h; path = SMRotaryProtocol.h; sourceTree = "<group>"; };
/* End PBXFileReference section */

/* Begin PBXFrameworksBuildPhase section */
		BDF4389914E5638700A27135 /* Frameworks */ = {
			isa = PBXFrameworksBuildPhase;
			buildActionMask = 2147483647;
			files = (
			);
			runOnlyForDeploymentPostprocessing = 0;
		};
/* End PBXFrameworksBuildPhase section */

/* Begin PBXGroup section */
		12E35C86489861491629A825 /* Pods */ = {
			isa = PBXGroup;
			children = (
				3D5C5C0B103CC78F63C0A256 /* Pods-HarmonyTensions.debug.xcconfig */,
				8DB413B28B2B2337EFEE50BF /* Pods-HarmonyTensions.release.xcconfig */,
			);
			path = Pods;
			sourceTree = "<group>";
		};
		1C5FC9762B1F6301003D56F2 /* Frameworks */ = {
			isa = PBXGroup;
			children = (
			);
			name = Frameworks;
			sourceTree = "<group>";
		};
		1CAD03B229D17C4100411901 /* Sounds */ = {
			isa = PBXGroup;
			children = (
				1CAD03B329D17C4100411901 /* click.mp3 */,
				1C27912F2B7A9298002E72CC /* AudioManager.swift */,
			);
			path = Sounds;
			sourceTree = "<group>";
		};
		1CB8C9672B2DE130007CFA3C /* Header Files */ = {
			isa = PBXGroup;
			children = (
				BDF438AF14E5638700A27135 /* SMAppDelegate.h */,
				1C625B1A299BC261009F4205 /* HarmonyWheelViewController.h */,
				BDF438BD14E5641000A27135 /* SMRotaryWheel.h */,
				BDF438C414E56B4B00A27135 /* SMRotaryProtocol.h */,
				1CB8C9602B2A28E4007CFA3C /* ViewControllerGetPDF.h */,
				BDD8AD3414EA8A1B002425D6 /* SMCLove.h */,
			);
			path = "Header Files";
			sourceTree = "<group>";
		};
		1CB8C9682B2DE1BC007CFA3C /* Wheel */ = {
			isa = PBXGroup;
			children = (
				BDF438BE14E5641000A27135 /* SMRotaryWheel.m */,
				BDD8AD3514EA8A1B002425D6 /* SMCLove.m */,
			);
			path = Wheel;
			sourceTree = "<group>";
		};
		1CEC985529F07EA200FA370A /* Models */ = {
			isa = PBXGroup;
			children = (
				1CAD03AE29B9B8BC00411901 /* Utils.swift */,
				1CAD03C229D339BA00411901 /* DataManager.swift */,
				1CEC985D29F081EE00FA370A /* onboardingSlide.swift */,
			);
			path = Models;
			sourceTree = "<group>";
		};
		1CEC985629F07EE000FA370A /* Views */ = {
			isa = PBXGroup;
			children = (
				1CAD03BA29D1B8A000411901 /* ViewControllerSaveSong.xib */,
				1C625B18299AB3CD009F4205 /* Launch Screen.storyboard */,
				1CEBEC74299A70A300250820 /* Main.storyboard */,
				BDF438B514E5638700A27135 /* SMViewController.xib */,
				1CB8C9612B2A28E4007CFA3C /* ViewControllerGetPDF.xib */,
				1CB8C95B2B2A1CCD007CFA3C /* ViewControllerBuyPDF.xib */,
				1CEC985729F07EF700FA370A /* Onboarding */,
			);
			path = Views;
			sourceTree = "<group>";
		};
		1CEC985729F07EF700FA370A /* Onboarding */ = {
			isa = PBXGroup;
			children = (
				1CEC985829F07F1F00FA370A /* onBoardingViewController.swift */,
				1CEC986129F0833300FA370A /* onBoardingCollectionViewCell.swift */,
			);
			path = Onboarding;
			sourceTree = "<group>";
		};
		1CEC985A29F080E500FA370A /* Extensions */ = {
			isa = PBXGroup;
			children = (
				1CEC985B29F0810600FA370A /* UIView+Extension.swift */,
			);
			path = Extensions;
			sourceTree = "<group>";
		};
		BD683C5214EAB964005EF069 /* assets */ = {
			isa = PBXGroup;
			children = (
				1C8983102B22149000B83961 /* screen_1.jpg */,
				1C8983112B22149000B83961 /* screen_2.jpg */,
				1C89830E2B22149000B83961 /* screen_3.jpg */,
				1C89830D2B22149000B83961 /* screen_4.jpg */,
				1C89830F2B22149000B83961 /* screen_5.jpg */,
				1C5FC8BE2B1A47A5003D56F2 /* note3g.png */,
				1C5FC8B92B1A47A5003D56F2 /* note3y.png */,
				1C5FC8D42B1A47A6003D56F2 /* note8g.png */,
				1C5FC8EC2B1A47A6003D56F2 /* note8y.png */,
				1C5FC8C12B1A47A5003D56F2 /* note5g.png */,
				1C5FC8EB2B1A47A6003D56F2 /* note5y.png */,
				1C5FC8C72B1A47A5003D56F2 /* note10g.png */,
				1C5FC8E22B1A47A6003D56F2 /* note10y.png */,
				1C5FC8C82B1A47A5003D56F2 /* note0g.png */,
				1C5FC8EE2B1A47A6003D56F2 /* note0y.png */,
				1C5FC95F2B1A4F88003D56F2 /* circle_border.png */,
				1C5FC8DE2B1A47A6003D56F2 /* note2g.png */,
				1C5FC8BC2B1A47A5003D56F2 /* note2y.png */,
				1C5FC8E92B1A47A6003D56F2 /* note7g.png */,
				1C5FC8DF2B1A47A6003D56F2 /* note7y.png */,
				1C5FC8DB2B1A47A6003D56F2 /* note4g.png */,
				1C5FC8BB2B1A47A5003D56F2 /* note4y.png */,
				1C5FC8B72B1A47A5003D56F2 /* note9g.png */,
				1C5FC8BA2B1A47A5003D56F2 /* note9y.png */,
				1C5FC8CA2B1A47A5003D56F2 /* note11g.png */,
				1C5FC8C62B1A47A5003D56F2 /* note11y.png */,
				1C5FC8E62B1A47A6003D56F2 /* note6g.png */,
				1C5FC8EA2B1A47A6003D56F2 /* note6y.png */,
				1C5FC8C92B1A47A5003D56F2 /* note1g.png */,
				1C5FC8E42B1A47A6003D56F2 /* note1y.png */,
				1C5FC8E52B1A47A6003D56F2 /* hw.png */,
				1C5FC8C52B1A47A5003D56F2 /* hw1.png */,
				1C5FC8B32B1A47A5003D56F2 /* hw2.png */,
				1C5FC8CE2B1A47A5003D56F2 /* hw3.png */,
				1C5FC8D02B1A47A6003D56F2 /* hw4.png */,
				1C5FC8C32B1A47A5003D56F2 /* letters.jpeg */,
				1C5FC8E32B1A47A6003D56F2 /* logo.png */,
				1C5FC8CC2B1A47A5003D56F2 /* Media.xcassets */,
				1C5FC8E82B1A47A6003D56F2 /* note5w.png */,
				1C5FC8F42B1A47A6003D56F2 /* note6w.png */,
				1C5FC8D22B1A47A6003D56F2 /* note7w.png */,
				1C5FC8F12B1A47A6003D56F2 /* note8w.png */,
				1C5FC8C22B1A47A5003D56F2 /* note9w.png */,
				1C5FC8D82B1A47A6003D56F2 /* note10w.png */,
				1C5FC8DD2B1A47A6003D56F2 /* note11w.png */,
				1C5FC8B42B1A47A5003D56F2 /* note0w.png */,
				1C5FC8DA2B1A47A6003D56F2 /* note1w.png */,
				1C5FC8CD2B1A47A5003D56F2 /* note2w.png */,
				1C5FC8D32B1A47A6003D56F2 /* note3w.png */,
				1C5FC8CF2B1A47A5003D56F2 /* note4w.png */,
				1C5FC8F32B1A47A6003D56F2 /* page_1.png */,
				1C5FC8C42B1A47A5003D56F2 /* page_2.jpg */,
				1C5FC8BD2B1A47A5003D56F2 /* page_3.jpg */,
				1C5FC8CB2B1A47A5003D56F2 /* page_4.jpg */,
				1C5FC8EF2B1A47A6003D56F2 /* simple_hw.png */,
				1C5FC8B82B1A47A5003D56F2 /* v71_green.png */,
				1C5FC8D12B1A47A6003D56F2 /* v71_white.png */,
				1C5FC8E02B1A47A6003D56F2 /* v71_yellow.png */,
				1C5FC8BF2B1A47A5003D56F2 /* v72_green.png */,
				1C5FC8D62B1A47A6003D56F2 /* v72_white.png */,
				1C5FC8D52B1A47A6003D56F2 /* v72_yellow.png */,
				1C5FC8F52B1A47A6003D56F2 /* v73_green.png */,
				1C5FC8B52B1A47A5003D56F2 /* v73_white.png */,
				1C5FC8E12B1A47A6003D56F2 /* v73_yellow.png */,
				1C5FC8D72B1A47A6003D56F2 /* v74_green.png */,
				1C5FC8E72B1A47A6003D56F2 /* v74_white.png */,
				1C5FC9472B1A495F003D56F2 /* centre.png */,
				1C5FC9452B1A495F003D56F2 /* circle_modified.png */,
				1C5FC9412B1A495F003D56F2 /* dimigreen.png */,
				1C5FC9462B1A495F003D56F2 /* dimiigreen.png */,
				1C5FC93A2B1A495D003D56F2 /* dimiiwhite.png */,
				1C5FC93C2B1A495E003D56F2 /* dimiiyellow.png */,
				1C5FC9422B1A495F003D56F2 /* dimivgreen.png */,
				1C5FC9442B1A495F003D56F2 /* dimivwhite.png */,
				1C5FC9482B1A4960003D56F2 /* dimivyellow.png */,
				1C5FC93F2B1A495E003D56F2 /* dimiwhite.png */,
				1C5FC94A2B1A4960003D56F2 /* dimiyellow.png */,
				1C5FC93D2B1A495E003D56F2 /* dimvgreen.png */,
				1C5FC9492B1A4960003D56F2 /* dimvwhite.png */,
				1C5FC93B2B1A495D003D56F2 /* dimvyellow.png */,
				1C5FC9432B1A495F003D56F2 /* facebook_logo.jpg */,
				1C5FC9392B1A495D003D56F2 /* fb.png */,
				1C5FC93E2B1A495E003D56F2 /* google_icon.png */,
				1C5FC9402B1A495E003D56F2 /* instagram_logo.png */,
				1C5FC8ED2B1A47A6003D56F2 /* v74_yellow.png */,
				1C5FC8B62B1A47A5003D56F2 /* v75_green.png */,
				1C5FC8F02B1A47A6003D56F2 /* v75_white.png */,
				1C5FC8F22B1A47A6003D56F2 /* v75_yellow.png */,
				1C5FC8C02B1A47A5003D56F2 /* v76_green.png */,
				1C5FC8DC2B1A47A6003D56F2 /* v76_white.png */,
				1C5FC8D92B1A47A6003D56F2 /* v76_yellow.png */,
				1CEC988629F1454800FA370A /* Media.xcassets */,
				1C3B72A629A246F200E663B8 /* letters.jpeg */,
			);
			path = assets;
			sourceTree = "<group>";
		};
		BDF4389114E5638700A27135 = {
			isa = PBXGroup;
			children = (
				1CEA4BA22A458B1900965B05 /* IAPHelper.swift */,
				1C48612C2A20A8C8001DE8C0 /* Harmony Tensions.storekit */,
				1C4861332A20E0F6001DE8C0 /* StoreKitTestCertificate.cer */,
				1C48612D2A20A921001DE8C0 /* PropertyList.plist */,
				1C48612F2A20AAD6001DE8C0 /* StoreKitManager.swift */,
				BDF438A614E5638700A27135 /* RotaryWheelProject */,
				BDF4389D14E5638700A27135 /* Products */,
				12E35C86489861491629A825 /* Pods */,
				1C5FC9762B1F6301003D56F2 /* Frameworks */,
			);
			sourceTree = "<group>";
		};
		BDF4389D14E5638700A27135 /* Products */ = {
			isa = PBXGroup;
			children = (
				BDF4389C14E5638700A27135 /* HarmonyTensions.app */,
			);
			name = Products;
			sourceTree = "<group>";
		};
		BDF438A614E5638700A27135 /* RotaryWheelProject */ = {
			isa = PBXGroup;
			children = (
				1C8E28BE29942C6B00CF01B7 /* HarmonyTensions-Bridging-Header.h */,
				1CB8C9682B2DE1BC007CFA3C /* Wheel */,
				1CAD03B229D17C4100411901 /* Sounds */,
				BDF438AC14E5638700A27135 /* main.m */,
				BDF438A714E5638700A27135 /* Supporting Files */,
				1CB8C9672B2DE130007CFA3C /* Header Files */,
				1CEC985A29F080E500FA370A /* Extensions */,
				1CEC985629F07EE000FA370A /* Views */,
				1CEC985529F07EA200FA370A /* Models */,
				BD683C5214EAB964005EF069 /* assets */,
				1CAD03B929D1B8A000411901 /* ViewControllerSaveSong.swift */,
				1CEC986329F13B7100FA370A /* StartingViewController.swift */,
				1CA93A9329D44AA2008A02EF /* ViewControllerSavedSongs.swift */,
				1CA93A9529D44AB4008A02EF /* SongCell.swift */,
				1C625B1B299BC261009F4205 /* HarmonyWheelViewController.m */,
				1CEBEC72299A6FAC00250820 /* PagingViewController.swift */,
				1CEBEC76299A76B400250820 /* GameViewController.swift */,
				1CE45C2129993EF00041C241 /* SwiftUIViewExtension.swift */,
				1CB8C95E2B2A28E4007CFA3C /* ViewControllerGetPDF.m */,
				1CB8C95A2B2A1CCD007CFA3C /* ViewControllerBuyPDF.swift */,
			);
			path = RotaryWheelProject;
			sourceTree = "<group>";
		};
		BDF438A714E5638700A27135 /* Supporting Files */ = {
			isa = PBXGroup;
			children = (
				1C625B14299AA2DB009F4205 /* SceneDelegate.m */,
				1C625B13299AA2DB009F4205 /* SceneDelegate.h */,
				BDF438B014E5638700A27135 /* SMAppDelegate.m */,
				1CAD03BD29D2C8D500411901 /* HarmonyTensions.xcdatamodeld */,
				BDF438A814E5638700A27135 /* HarmonyTensions-Info.plist */,
				BDF438A914E5638700A27135 /* InfoPlist.strings */,
				BDF438AE14E5638700A27135 /* HarmonyTensions-Prefix.pch */,
			);
			name = "Supporting Files";
			sourceTree = "<group>";
		};
/* End PBXGroup section */

/* Begin PBXNativeTarget section */
		BDF4389B14E5638700A27135 /* HarmonyTensions */ = {
			isa = PBXNativeTarget;
			buildConfigurationList = BDF438BA14E5638700A27135 /* Build configuration list for PBXNativeTarget "HarmonyTensions" */;
			buildPhases = (
				B56E6658C8FDE04C895DF9DC /* [CP] Check Pods Manifest.lock */,
				BDF4389814E5638700A27135 /* Sources */,
				BDF4389914E5638700A27135 /* Frameworks */,
				BDF4389A14E5638700A27135 /* Resources */,
				C84CE9272EFB9A9D5713AFA1 /* [CP] Embed Pods Frameworks */,
			);
			buildRules = (
			);
			dependencies = (
			);
			name = HarmonyTensions;
			packageProductDependencies = (
			);
			productName = RotaryWheelProject;
			productReference = BDF4389C14E5638700A27135 /* HarmonyTensions.app */;
			productType = "com.apple.product-type.application";
		};
/* End PBXNativeTarget section */

/* Begin PBXProject section */
		BDF4389314E5638700A27135 /* Project object */ = {
			isa = PBXProject;
			attributes = {
				BuildIndependentTargetsInParallel = YES;
				LastUpgradeCheck = 1430;
				TargetAttributes = {
					BDF4389B14E5638700A27135 = {
						LastSwiftMigration = 1420;
					};
				};
			};
			buildConfigurationList = BDF4389614E5638700A27135 /* Build configuration list for PBXProject "HarmonyTensions" */;
			compatibilityVersion = "Xcode 3.2";
			developmentRegion = English;
			hasScannedForEncodings = 0;
			knownRegions = (
				English,
				en,
				Base,
			);
			mainGroup = BDF4389114E5638700A27135;
			packageReferences = (
			);
			productRefGroup = BDF4389D14E5638700A27135 /* Products */;
			projectDirPath = "";
			projectRoot = "";
			targets = (
				BDF4389B14E5638700A27135 /* HarmonyTensions */,
			);
		};
/* End PBXProject section */

/* Begin PBXResourcesBuildPhase section */
		BDF4389A14E5638700A27135 /* Resources */ = {
			isa = PBXResourcesBuildPhase;
			buildActionMask = 2147483647;
			files = (
				1C5FC9342B1A47A6003D56F2 /* note8w.png in Resources */,
				1C5FC9362B1A47A6003D56F2 /* page_1.png in Resources */,
				1C5FC92C2B1A47A6003D56F2 /* note7g.png in Resources */,
				1C5FC9232B1A47A6003D56F2 /* v71_yellow.png in Resources */,
				1C5FC9302B1A47A6003D56F2 /* v74_yellow.png in Resources */,
				1C5FC94B2B1A4960003D56F2 /* fb.png in Resources */,
				1C5FC94E2B1A4960003D56F2 /* dimiiyellow.png in Resources */,
				1C5FC90C2B1A47A6003D56F2 /* note1g.png in Resources */,
				BDF438AB14E5638700A27135 /* InfoPlist.strings in Resources */,
				1C5FC92B2B1A47A6003D56F2 /* note5w.png in Resources */,
				1C5FC90A2B1A47A6003D56F2 /* note10g.png in Resources */,
				1C5FC9202B1A47A6003D56F2 /* note11w.png in Resources */,
				1C8983162B22149100B83961 /* screen_2.jpg in Resources */,
				1C5FC9332B1A47A6003D56F2 /* v75_white.png in Resources */,
				1C5FC91B2B1A47A6003D56F2 /* note10w.png in Resources */,
				BDF438B714E5638700A27135 /* SMViewController.xib in Resources */,
				1C5FC91C2B1A47A6003D56F2 /* v76_yellow.png in Resources */,
				1CAD03BC29D1B8A000411901 /* ViewControllerSaveSong.xib in Resources */,
				1C5FC9212B1A47A6003D56F2 /* note2g.png in Resources */,
				1C5FC9322B1A47A6003D56F2 /* simple_hw.png in Resources */,
				1C5FC9602B1A4F88003D56F2 /* circle_border.png in Resources */,
				1CAD03B429D17C4100411901 /* click.mp3 in Resources */,
				1C5FC9522B1A4960003D56F2 /* instagram_logo.png in Resources */,
				1C5FC8F72B1A47A6003D56F2 /* note0w.png in Resources */,
				1C5FC9542B1A4960003D56F2 /* dimivgreen.png in Resources */,
				1C5FC8FF2B1A47A6003D56F2 /* note2y.png in Resources */,
				1C5FC9262B1A47A6003D56F2 /* logo.png in Resources */,
				1C5FC9312B1A47A6003D56F2 /* note0y.png in Resources */,
				1C5FC9052B1A47A6003D56F2 /* note9w.png in Resources */,
				1C5FC92A2B1A47A6003D56F2 /* v74_white.png in Resources */,
				1C5FC90B2B1A47A6003D56F2 /* note0g.png in Resources */,
				1C5FC9022B1A47A6003D56F2 /* v72_green.png in Resources */,
				1C5FC9172B1A47A6003D56F2 /* note8g.png in Resources */,
				1C5FC9062B1A47A6003D56F2 /* letters.jpeg in Resources */,
				1C5FC95A2B1A4960003D56F2 /* dimivyellow.png in Resources */,
				1C5FC94C2B1A4960003D56F2 /* dimiiwhite.png in Resources */,
				1C5FC9072B1A47A6003D56F2 /* page_2.jpg in Resources */,
				1C5FC9502B1A4960003D56F2 /* google_icon.png in Resources */,
				1C5FC9162B1A47A6003D56F2 /* note3w.png in Resources */,
				1CEC988729F1454800FA370A /* Media.xcassets in Resources */,
				1C5FC8F62B1A47A6003D56F2 /* hw2.png in Resources */,
				1C5FC9572B1A4960003D56F2 /* circle_modified.png in Resources */,
				1C5FC9042B1A47A6003D56F2 /* note5g.png in Resources */,
				1C5FC9532B1A4960003D56F2 /* dimigreen.png in Resources */,
				1C5FC9512B1A4960003D56F2 /* dimiwhite.png in Resources */,
				1C5FC9552B1A4960003D56F2 /* facebook_logo.jpg in Resources */,
				1C5FC90F2B1A47A6003D56F2 /* Media.xcassets in Resources */,
				1C5FC9352B1A47A6003D56F2 /* v75_yellow.png in Resources */,
				1C625B19299AB3CD009F4205 /* Launch Screen.storyboard in Resources */,
				1C5FC95B2B1A4960003D56F2 /* dimvwhite.png in Resources */,
				1C5FC9592B1A4960003D56F2 /* centre.png in Resources */,
				1C5FC91E2B1A47A6003D56F2 /* note4g.png in Resources */,
				1C5FC9562B1A4960003D56F2 /* dimivwhite.png in Resources */,
				1C3B72A729A246F200E663B8 /* letters.jpeg in Resources */,
				1C4861342A20E0F6001DE8C0 /* StoreKitTestCertificate.cer in Resources */,
				1C8983142B22149100B83961 /* screen_5.jpg in Resources */,
				1C5FC8FD2B1A47A6003D56F2 /* note9y.png in Resources */,
				1C5FC9382B1A47A6003D56F2 /* v73_green.png in Resources */,
				1C8983152B22149100B83961 /* screen_1.jpg in Resources */,
				1CB8C9642B2A28E4007CFA3C /* ViewControllerGetPDF.xib in Resources */,
				1C5FC94F2B1A4960003D56F2 /* dimvgreen.png in Resources */,
				1C5FC8FA2B1A47A6003D56F2 /* note9g.png in Resources */,
				1C5FC9082B1A47A6003D56F2 /* hw1.png in Resources */,
				1C5FC9152B1A47A6003D56F2 /* note7w.png in Resources */,
				1CEBEC75299A70A300250820 /* Main.storyboard in Resources */,
				1C5FC9372B1A47A6003D56F2 /* note6w.png in Resources */,
				1C5FC92E2B1A47A6003D56F2 /* note5y.png in Resources */,
				1C5FC9032B1A47A6003D56F2 /* v76_green.png in Resources */,
				1C5FC91D2B1A47A6003D56F2 /* note1w.png in Resources */,
				1C5FC95C2B1A4960003D56F2 /* dimiyellow.png in Resources */,
				1C5FC9012B1A47A6003D56F2 /* note3g.png in Resources */,
				1C5FC9112B1A47A6003D56F2 /* hw3.png in Resources */,
				1C5FC9582B1A4960003D56F2 /* dimiigreen.png in Resources */,
				1C5FC8F92B1A47A6003D56F2 /* v75_green.png in Resources */,
				1C5FC9252B1A47A6003D56F2 /* note10y.png in Resources */,
				1C5FC9092B1A47A6003D56F2 /* note11y.png in Resources */,
				1C5FC9242B1A47A6003D56F2 /* v73_yellow.png in Resources */,
				1C5FC9182B1A47A6003D56F2 /* v72_yellow.png in Resources */,
				1C5FC9192B1A47A6003D56F2 /* v72_white.png in Resources */,
				1C5FC9142B1A47A6003D56F2 /* v71_white.png in Resources */,
				1C5FC9132B1A47A6003D56F2 /* hw4.png in Resources */,
				1C5FC90D2B1A47A6003D56F2 /* note11g.png in Resources */,
				1C5FC8FB2B1A47A6003D56F2 /* v71_green.png in Resources */,
				1C5FC9282B1A47A6003D56F2 /* hw.png in Resources */,
				1C5FC92F2B1A47A6003D56F2 /* note8y.png in Resources */,
				1C8983122B22149000B83961 /* screen_4.jpg in Resources */,
				1C48612E2A20A921001DE8C0 /* PropertyList.plist in Resources */,
				1C5FC9292B1A47A6003D56F2 /* note6g.png in Resources */,
				1C5FC92D2B1A47A6003D56F2 /* note6y.png in Resources */,
				1C5FC90E2B1A47A6003D56F2 /* page_4.jpg in Resources */,
				1C5FC9272B1A47A6003D56F2 /* note1y.png in Resources */,
				1C5FC9122B1A47A6003D56F2 /* note4w.png in Resources */,
				1C5FC8FE2B1A47A6003D56F2 /* note4y.png in Resources */,
				1C8983132B22149100B83961 /* screen_3.jpg in Resources */,
				1C5FC91F2B1A47A6003D56F2 /* v76_white.png in Resources */,
				1C5FC9222B1A47A6003D56F2 /* note7y.png in Resources */,
				1C5FC8FC2B1A47A6003D56F2 /* note3y.png in Resources */,
				1C5FC9102B1A47A6003D56F2 /* note2w.png in Resources */,
				1C5FC94D2B1A4960003D56F2 /* dimvyellow.png in Resources */,
				1CB8C95D2B2A1CCD007CFA3C /* ViewControllerBuyPDF.xib in Resources */,
				1C5FC9002B1A47A6003D56F2 /* page_3.jpg in Resources */,
				1C5FC8F82B1A47A6003D56F2 /* v73_white.png in Resources */,
				1C5FC91A2B1A47A6003D56F2 /* v74_green.png in Resources */,
			);
			runOnlyForDeploymentPostprocessing = 0;
		};
/* End PBXResourcesBuildPhase section */

/* Begin PBXShellScriptBuildPhase section */
		B56E6658C8FDE04C895DF9DC /* [CP] Check Pods Manifest.lock */ = {
			isa = PBXShellScriptBuildPhase;
			buildActionMask = 2147483647;
			files = (
			);
			inputFileListPaths = (
			);
			inputPaths = (
				"${PODS_PODFILE_DIR_PATH}/Podfile.lock",
				"${PODS_ROOT}/Manifest.lock",
			);
			name = "[CP] Check Pods Manifest.lock";
			outputFileListPaths = (
			);
			outputPaths = (
				"$(DERIVED_FILE_DIR)/Pods-HarmonyTensions-checkManifestLockResult.txt",
			);
			runOnlyForDeploymentPostprocessing = 0;
			shellPath = /bin/sh;
			shellScript = "diff \"${PODS_PODFILE_DIR_PATH}/Podfile.lock\" \"${PODS_ROOT}/Manifest.lock\" > /dev/null\nif [ $? != 0 ] ; then\n    # print error to STDERR\n    echo \"error: The sandbox is not in sync with the Podfile.lock. Run 'pod install' or update your CocoaPods installation.\" >&2\n    exit 1\nfi\n# This output is used by Xcode 'outputs' to avoid re-running this script phase.\necho \"SUCCESS\" > \"${SCRIPT_OUTPUT_FILE_0}\"\n";
			showEnvVarsInLog = 0;
		};
		C84CE9272EFB9A9D5713AFA1 /* [CP] Embed Pods Frameworks */ = {
			isa = PBXShellScriptBuildPhase;
			buildActionMask = 12;
			files = (
			);
			inputPaths = (
				"${PODS_ROOT}/Target Support Files/Pods-HarmonyTensions/Pods-HarmonyTensions-frameworks.sh",
				"${BUILT_PRODUCTS_DIR}/LZViewPager/LZViewPager.framework",
				"${BUILT_PRODUCTS_DIR}/SnapKit/SnapKit.framework",
			);
			name = "[CP] Embed Pods Frameworks";
			outputPaths = (
				"${TARGET_BUILD_DIR}/${FRAMEWORKS_FOLDER_PATH}/LZViewPager.framework",
				"${TARGET_BUILD_DIR}/${FRAMEWORKS_FOLDER_PATH}/SnapKit.framework",
			);
			runOnlyForDeploymentPostprocessing = 0;
			shellPath = /bin/sh;
			shellScript = "\"${PODS_ROOT}/Target Support Files/Pods-HarmonyTensions/Pods-HarmonyTensions-frameworks.sh\"\n";
		};
/* End PBXShellScriptBuildPhase section */

/* Begin PBXSourcesBuildPhase section */
		BDF4389814E5638700A27135 /* Sources */ = {
			isa = PBXSourcesBuildPhase;
			buildActionMask = 2147483647;
			files = (
				1C5FC9682B1E1164003D56F2 /* HarmonyWheelViewController.m in Sources */,
				1CEA4BA32A458B1900965B05 /* IAPHelper.swift in Sources */,
				1CB8C9622B2A28E4007CFA3C /* ViewControllerGetPDF.m in Sources */,
				1CA93A9629D44AB4008A02EF /* SongCell.swift in Sources */,
				BDF438AD14E5638700A27135 /* main.m in Sources */,
				1CE45C2629994BB10041C241 /* SwiftUIViewExtension.swift in Sources */,
				1CAD03C329D339BA00411901 /* DataManager.swift in Sources */,
				BDF438B114E5638700A27135 /* SMAppDelegate.m in Sources */,
				1CEBEC77299A76B400250820 /* GameViewController.swift in Sources */,
				1CEC985C29F0810600FA370A /* UIView+Extension.swift in Sources */,
				1CAD03BF29D2C8D500411901 /* HarmonyTensions.xcdatamodeld in Sources */,
				1CEC986229F0833300FA370A /* onBoardingCollectionViewCell.swift in Sources */,
				1CAD03AF29B9B8BC00411901 /* Utils.swift in Sources */,
				BDF438BF14E5641000A27135 /* SMRotaryWheel.m in Sources */,
				1CAD03BB29D1B8A000411901 /* ViewControllerSaveSong.swift in Sources */,
				1CEC985929F07F1F00FA370A /* onBoardingViewController.swift in Sources */,
				1CEC986429F13B7100FA370A /* StartingViewController.swift in Sources */,
				1C4861302A20AAD6001DE8C0 /* StoreKitManager.swift in Sources */,
				1C2791302B7A9298002E72CC /* AudioManager.swift in Sources */,
				1C625B15299AA2DB009F4205 /* SceneDelegate.m in Sources */,
				1CA93A9429D44AA2008A02EF /* ViewControllerSavedSongs.swift in Sources */,
				BDD8AD3614EA8A1B002425D6 /* SMCLove.m in Sources */,
				1CB8C95C2B2A1CCD007CFA3C /* ViewControllerBuyPDF.swift in Sources */,
				1CEC985E29F081EE00FA370A /* onboardingSlide.swift in Sources */,
				1CEBEC73299A6FAC00250820 /* PagingViewController.swift in Sources */,
			);
			runOnlyForDeploymentPostprocessing = 0;
		};
/* End PBXSourcesBuildPhase section */

/* Begin PBXVariantGroup section */
		BDF438A914E5638700A27135 /* InfoPlist.strings */ = {
			isa = PBXVariantGroup;
			children = (
				BDF438AA14E5638700A27135 /* en */,
			);
			name = InfoPlist.strings;
			sourceTree = "<group>";
		};
		BDF438B514E5638700A27135 /* SMViewController.xib */ = {
			isa = PBXVariantGroup;
			children = (
				BDF438B614E5638700A27135 /* en */,
			);
			name = SMViewController.xib;
			sourceTree = "<group>";
		};
/* End PBXVariantGroup section */

/* Begin XCBuildConfiguration section */
		BDF438B814E5638700A27135 /* Debug */ = {
			isa = XCBuildConfiguration;
			buildSettings = {
				ALWAYS_SEARCH_USER_PATHS = NO;
				CLANG_ANALYZER_LOCALIZABILITY_NONLOCALIZED = YES;
				CLANG_ENABLE_OBJC_ARC = YES;
				CLANG_WARN_BLOCK_CAPTURE_AUTORELEASING = YES;
				CLANG_WARN_BOOL_CONVERSION = YES;
				CLANG_WARN_COMMA = YES;
				CLANG_WARN_CONSTANT_CONVERSION = YES;
				CLANG_WARN_DEPRECATED_OBJC_IMPLEMENTATIONS = YES;
				CLANG_WARN_EMPTY_BODY = YES;
				CLANG_WARN_ENUM_CONVERSION = YES;
				CLANG_WARN_INFINITE_RECURSION = YES;
				CLANG_WARN_INT_CONVERSION = YES;
				CLANG_WARN_NON_LITERAL_NULL_CONVERSION = YES;
				CLANG_WARN_OBJC_IMPLICIT_RETAIN_SELF = YES;
				CLANG_WARN_OBJC_LITERAL_CONVERSION = YES;
				CLANG_WARN_QUOTED_INCLUDE_IN_FRAMEWORK_HEADER = YES;
				CLANG_WARN_RANGE_LOOP_ANALYSIS = YES;
				CLANG_WARN_STRICT_PROTOTYPES = YES;
				CLANG_WARN_SUSPICIOUS_MOVE = YES;
				CLANG_WARN_UNREACHABLE_CODE = YES;
				CLANG_WARN__DUPLICATE_METHOD_MATCH = YES;
				"CODE_SIGN_IDENTITY[sdk=iphoneos*]" = "iPhone Developer";
				COPY_PHASE_STRIP = NO;
				DEFINES_MODULE = YES;
				ENABLE_STRICT_OBJC_MSGSEND = YES;
				ENABLE_TESTABILITY = YES;
				GCC_C_LANGUAGE_STANDARD = gnu99;
				GCC_DYNAMIC_NO_PIC = NO;
				GCC_NO_COMMON_BLOCKS = NO;
				GCC_OPTIMIZATION_LEVEL = 0;
				GCC_PREPROCESSOR_DEFINITIONS = (
					"DEBUG=1",
					"$(inherited)",
				);
				GCC_SYMBOLS_PRIVATE_EXTERN = NO;
				GCC_VERSION = com.apple.compilers.llvm.clang.1_0;
				GCC_WARN_64_TO_32_BIT_CONVERSION = YES;
				GCC_WARN_ABOUT_MISSING_PROTOTYPES = YES;
				GCC_WARN_ABOUT_RETURN_TYPE = YES;
				GCC_WARN_UNDECLARED_SELECTOR = YES;
				GCC_WARN_UNINITIALIZED_AUTOS = YES;
				GCC_WARN_UNUSED_FUNCTION = YES;
				GCC_WARN_UNUSED_VARIABLE = YES;
				IPHONEOS_DEPLOYMENT_TARGET = 13.0;
				ONLY_ACTIVE_ARCH = YES;
				SDKROOT = iphoneos;
				SWIFT_VERSION = 5.0;
			};
			name = Debug;
		};
		BDF438B914E5638700A27135 /* Release */ = {
			isa = XCBuildConfiguration;
			buildSettings = {
				ALWAYS_SEARCH_USER_PATHS = NO;
				CLANG_ANALYZER_LOCALIZABILITY_NONLOCALIZED = YES;
				CLANG_ENABLE_OBJC_ARC = YES;
				CLANG_WARN_BLOCK_CAPTURE_AUTORELEASING = YES;
				CLANG_WARN_BOOL_CONVERSION = YES;
				CLANG_WARN_COMMA = YES;
				CLANG_WARN_CONSTANT_CONVERSION = YES;
				CLANG_WARN_DEPRECATED_OBJC_IMPLEMENTATIONS = YES;
				CLANG_WARN_EMPTY_BODY = YES;
				CLANG_WARN_ENUM_CONVERSION = YES;
				CLANG_WARN_INFINITE_RECURSION = YES;
				CLANG_WARN_INT_CONVERSION = YES;
				CLANG_WARN_NON_LITERAL_NULL_CONVERSION = YES;
				CLANG_WARN_OBJC_IMPLICIT_RETAIN_SELF = YES;
				CLANG_WARN_OBJC_LITERAL_CONVERSION = YES;
				CLANG_WARN_QUOTED_INCLUDE_IN_FRAMEWORK_HEADER = YES;
				CLANG_WARN_RANGE_LOOP_ANALYSIS = YES;
				CLANG_WARN_STRICT_PROTOTYPES = YES;
				CLANG_WARN_SUSPICIOUS_MOVE = YES;
				CLANG_WARN_UNREACHABLE_CODE = YES;
				CLANG_WARN__DUPLICATE_METHOD_MATCH = YES;
				"CODE_SIGN_IDENTITY[sdk=iphoneos*]" = "iPhone Developer";
				COPY_PHASE_STRIP = YES;
				DEFINES_MODULE = YES;
				ENABLE_STRICT_OBJC_MSGSEND = YES;
				GCC_C_LANGUAGE_STANDARD = gnu99;
				GCC_NO_COMMON_BLOCKS = NO;
				GCC_VERSION = com.apple.compilers.llvm.clang.1_0;
				GCC_WARN_64_TO_32_BIT_CONVERSION = YES;
				GCC_WARN_ABOUT_MISSING_PROTOTYPES = YES;
				GCC_WARN_ABOUT_RETURN_TYPE = YES;
				GCC_WARN_UNDECLARED_SELECTOR = YES;
				GCC_WARN_UNINITIALIZED_AUTOS = YES;
				GCC_WARN_UNUSED_FUNCTION = YES;
				GCC_WARN_UNUSED_VARIABLE = YES;
				IPHONEOS_DEPLOYMENT_TARGET = 13.0;
				OTHER_CFLAGS = "-DNS_BLOCK_ASSERTIONS=1";
				SDKROOT = iphoneos;
				SWIFT_COMPILATION_MODE = wholemodule;
				SWIFT_VERSION = 5.0;
				VALIDATE_PRODUCT = YES;
			};
			name = Release;
		};
		BDF438BB14E5638700A27135 /* Debug */ = {
			isa = XCBuildConfiguration;
			baseConfigurationReference = 3D5C5C0B103CC78F63C0A256 /* Pods-HarmonyTensions.debug.xcconfig */;
			buildSettings = {
				ARCHS = "$(ARCHS_STANDARD)";
				ASSETCATALOG_COMPILER_APPICON_NAME = AppIcon;
				CLANG_ENABLE_MODULES = YES;
				DEVELOPMENT_TEAM = RAAZ9A398U;
				GCC_PRECOMPILE_PREFIX_HEADER = YES;
				GCC_PREFIX_HEADER = "RotaryWheelProject/HarmonyTensions-Prefix.pch";
				INFOPLIST_FILE = "RotaryWheelProject/HarmonyTensions-Info.plist";
				INFOPLIST_KEY_CFBundleDisplayName = "Harmony Tensions";
				INFOPLIST_KEY_LSApplicationCategoryType = "public.app-category.music";
				IPHONEOS_DEPLOYMENT_TARGET = 15.0;
				LD_RUNPATH_SEARCH_PATHS = (
					"$(inherited)",
					"@executable_path/Frameworks",
				);
				MARKETING_VERSION = 2;
				PRODUCT_BUNDLE_IDENTIFIER = "com.mustafa.--PRODUCT-NAME-rfc1034identifier-";
				"PRODUCT_BUNDLE_IDENTIFIER[sdk=iphoneos*]" = com.mustafa.HarmonyTensions;
				PRODUCT_NAME = "$(TARGET_NAME)";
				SUPPORTED_PLATFORMS = "iphoneos iphonesimulator";
				SUPPORTS_MACCATALYST = NO;
				SUPPORTS_MAC_DESIGNED_FOR_IPHONE_IPAD = YES;
				SWIFT_OBJC_BRIDGING_HEADER = "RotaryWheelProject/HarmonyTensions-Bridging-Header.h";
				SWIFT_OPTIMIZATION_LEVEL = "-Onone";
				SWIFT_VERSION = 5.0;
				TARGETED_DEVICE_FAMILY = 1;
				WRAPPER_EXTENSION = app;
			};
			name = Debug;
		};
		BDF438BC14E5638700A27135 /* Release */ = {
			isa = XCBuildConfiguration;
			baseConfigurationReference = 8DB413B28B2B2337EFEE50BF /* Pods-HarmonyTensions.release.xcconfig */;
			buildSettings = {
				ARCHS = "$(ARCHS_STANDARD)";
				ASSETCATALOG_COMPILER_APPICON_NAME = AppIcon;
				CLANG_ENABLE_MODULES = YES;
				DEVELOPMENT_TEAM = RAAZ9A398U;
				GCC_PRECOMPILE_PREFIX_HEADER = YES;
				GCC_PREFIX_HEADER = "RotaryWheelProject/HarmonyTensions-Prefix.pch";
				INFOPLIST_FILE = "RotaryWheelProject/HarmonyTensions-Info.plist";
				INFOPLIST_KEY_CFBundleDisplayName = "Harmony Tensions";
				INFOPLIST_KEY_LSApplicationCategoryType = "public.app-category.music";
				IPHONEOS_DEPLOYMENT_TARGET = 15.0;
				LD_RUNPATH_SEARCH_PATHS = (
					"$(inherited)",
					"@executable_path/Frameworks",
				);
				MARKETING_VERSION = 2;
				PRODUCT_BUNDLE_IDENTIFIER = "com.mustafa.--PRODUCT-NAME-rfc1034identifier-";
				"PRODUCT_BUNDLE_IDENTIFIER[sdk=iphoneos*]" = com.mustafa.HarmonyTensions;
				PRODUCT_NAME = "$(TARGET_NAME)";
				SUPPORTED_PLATFORMS = "iphoneos iphonesimulator";
				SUPPORTS_MACCATALYST = NO;
				SUPPORTS_MAC_DESIGNED_FOR_IPHONE_IPAD = YES;
				SWIFT_OBJC_BRIDGING_HEADER = "RotaryWheelProject/HarmonyTensions-Bridging-Header.h";
				SWIFT_VERSION = 5.0;
				TARGETED_DEVICE_FAMILY = 1;
				WRAPPER_EXTENSION = app;
			};
			name = Release;
		};
/* End XCBuildConfiguration section */

/* Begin XCConfigurationList section */
		BDF4389614E5638700A27135 /* Build configuration list for PBXProject "HarmonyTensions" */ = {
			isa = XCConfigurationList;
			buildConfigurations = (
				BDF438B814E5638700A27135 /* Debug */,
				BDF438B914E5638700A27135 /* Release */,
			);
			defaultConfigurationIsVisible = 0;
			defaultConfigurationName = Release;
		};
		BDF438BA14E5638700A27135 /* Build configuration list for PBXNativeTarget "HarmonyTensions" */ = {
			isa = XCConfigurationList;
			buildConfigurations = (
				BDF438BB14E5638700A27135 /* Debug */,
				BDF438BC14E5638700A27135 /* Release */,
			);
			defaultConfigurationIsVisible = 0;
			defaultConfigurationName = Release;
		};
/* End XCConfigurationList section */

/* Begin XCVersionGroup section */
		1CAD03BD29D2C8D500411901 /* HarmonyTensions.xcdatamodeld */ = {
			isa = XCVersionGroup;
			children = (
				1CAD03BE29D2C8D500411901 /* HarmonyTensions.xcdatamodel */,
			);
			currentVersion = 1CAD03BE29D2C8D500411901 /* HarmonyTensions.xcdatamodel */;
			path = HarmonyTensions.xcdatamodeld;
			sourceTree = "<group>";
			versionGroupType = wrapper.xcdatamodel;
		};
/* End XCVersionGroup section */
	};
	rootObject = BDF4389314E5638700A27135 /* Project object */;
}
